
Microsoft Visual Studio Solution File, Format Version 12.00
# Visual Studio Version 17
VisualStudioVersion = 17.2.32526.322
MinimumVisualStudioVersion = 10.0.40219.1
Project("{FAE04EC0-301F-11D3-BF4B-00C04F79EFBC}") = "FileOperation", "FileOperation\FileOperation.csproj", "{B73CA1C4-2EAE-4E83-8463-A270D80BC410}"
EndProject
Global
	GlobalSection(SolutionConfigurationPlatforms) = preSolution
		Debug|Any CPU = Debug|Any CPU
		Release|Any CPU = Release|Any CPU
	EndGlobalSection
	GlobalSection(ProjectConfigurationPlatforms) = postSolution
		{B73CA1C4-2EAE-4E83-8463-A270D80BC410}.Debug|Any CPU.ActiveCfg = Debug|Any CPU
		{B73CA1C4-2EAE-4E83-8463-A270D80BC410}.Debug|Any CPU.Build.0 = Debug|Any CPU
		{B73CA1C4-2EAE-4E83-8463-A270D80BC410}.Release|Any CPU.ActiveCfg = Release|Any CPU
		{B73CA1C4-2EAE-4E83-8463-A270D80BC410}.Release|Any CPU.Build.0 = Release|Any CPU
	EndGlobalSection
	GlobalSection(SolutionProperties) = preSolution
		HideSolutionNode = FALSE
	EndGlobalSection
	GlobalSection(ExtensibilityGlobals) = postSolution
		SolutionGuid = {19E1503C-0C3F-4A10-8865-16F624411F81}
	EndGlobalSection
EndGlobal
